// !$*UTF8*$!
{
	archiveVersion = 1;
	classes = {
	};
	objectVersion = 50;
	objects = {

/* Begin PBXBuildFile section */
		222245AD22AF86F200794E60 /* CategoryTableViewController.swift in Sources */ = {isa = PBXBuildFile; fileRef = 222245AC22AF86F200794E60 /* CategoryTableViewController.swift */; };
		2261D3EB22B45A57002F392A /* SwipeTableViewController.swift in Sources */ = {isa = PBXBuildFile; fileRef = 2261D3EA22B45A57002F392A /* SwipeTableViewController.swift */; };
		22C858F422B1D8B300C21EE3 /* Item.swift in Sources */ = {isa = PBXBuildFile; fileRef = 22C858F322B1D8B300C21EE3 /* Item.swift */; };
		22C858F622B1D8BE00C21EE3 /* Category.swift in Sources */ = {isa = PBXBuildFile; fileRef = 22C858F522B1D8BE00C21EE3 /* Category.swift */; };
		22E7117922A9BAB500ECDAA0 /* AppDelegate.swift in Sources */ = {isa = PBXBuildFile; fileRef = 22E7117822A9BAB500ECDAA0 /* AppDelegate.swift */; };
		22E7117B22A9BAB500ECDAA0 /* TodoListViewController.swift in Sources */ = {isa = PBXBuildFile; fileRef = 22E7117A22A9BAB500ECDAA0 /* TodoListViewController.swift */; };
		22E7117E22A9BAB500ECDAA0 /* Main.storyboard in Resources */ = {isa = PBXBuildFile; fileRef = 22E7117C22A9BAB500ECDAA0 /* Main.storyboard */; };
		22E7118022A9BAB600ECDAA0 /* Assets.xcassets in Resources */ = {isa = PBXBuildFile; fileRef = 22E7117F22A9BAB600ECDAA0 /* Assets.xcassets */; };
		22E7118322A9BAB600ECDAA0 /* LaunchScreen.storyboard in Resources */ = {isa = PBXBuildFile; fileRef = 22E7118122A9BAB600ECDAA0 /* LaunchScreen.storyboard */; };
		F75A78C27BAC0AEDD0011801 /* Pods_Todoey.framework in Frameworks */ = {isa = PBXBuildFile; fileRef = BCBAABBC2E64F622EB10EDBF /* Pods_Todoey.framework */; };
/* End PBXBuildFile section */

/* Begin PBXFileReference section */
		222245AC22AF86F200794E60 /* CategoryTableViewController.swift */ = {isa = PBXFileReference; lastKnownFileType = sourcecode.swift; path = CategoryTableViewController.swift; sourceTree = "<group>"; };
		2261D3EA22B45A57002F392A /* SwipeTableViewController.swift */ = {isa = PBXFileReference; lastKnownFileType = sourcecode.swift; path = SwipeTableViewController.swift; sourceTree = "<group>"; };
		22C858F322B1D8B300C21EE3 /* Item.swift */ = {isa = PBXFileReference; lastKnownFileType = sourcecode.swift; path = Item.swift; sourceTree = "<group>"; };
		22C858F522B1D8BE00C21EE3 /* Category.swift */ = {isa = PBXFileReference; lastKnownFileType = sourcecode.swift; path = Category.swift; sourceTree = "<group>"; };
		22E7117522A9BAB500ECDAA0 /* Todoey.app */ = {isa = PBXFileReference; explicitFileType = wrapper.application; includeInIndex = 0; path = Todoey.app; sourceTree = BUILT_PRODUCTS_DIR; };
		22E7117822A9BAB500ECDAA0 /* AppDelegate.swift */ = {isa = PBXFileReference; lastKnownFileType = sourcecode.swift; path = AppDelegate.swift; sourceTree = "<group>"; };
		22E7117A22A9BAB500ECDAA0 /* TodoListViewController.swift */ = {isa = PBXFileReference; lastKnownFileType = sourcecode.swift; path = TodoListViewController.swift; sourceTree = "<group>"; };
		22E7117D22A9BAB500ECDAA0 /* Base */ = {isa = PBXFileReference; lastKnownFileType = file.storyboard; name = Base; path = Base.lproj/Main.storyboard; sourceTree = "<group>"; };
		22E7117F22A9BAB600ECDAA0 /* Assets.xcassets */ = {isa = PBXFileReference; lastKnownFileType = folder.assetcatalog; path = Assets.xcassets; sourceTree = "<group>"; };
		22E7118222A9BAB600ECDAA0 /* Base */ = {isa = PBXFileReference; lastKnownFileType = file.storyboard; name = Base; path = Base.lproj/LaunchScreen.storyboard; sourceTree = "<group>"; };
		22E7118422A9BAB600ECDAA0 /* Info.plist */ = {isa = PBXFileReference; lastKnownFileType = text.plist.xml; path = Info.plist; sourceTree = "<group>"; };
		BC76294426C37561D78C7F9F /* Pods-Todoey.release.xcconfig */ = {isa = PBXFileReference; includeInIndex = 1; lastKnownFileType = text.xcconfig; name = "Pods-Todoey.release.xcconfig"; path = "Target Support Files/Pods-Todoey/Pods-Todoey.release.xcconfig"; sourceTree = "<group>"; };
		BCBAABBC2E64F622EB10EDBF /* Pods_Todoey.framework */ = {isa = PBXFileReference; explicitFileType = wrapper.framework; includeInIndex = 0; path = Pods_Todoey.framework; sourceTree = BUILT_PRODUCTS_DIR; };
		CC7ACA5484F4F4199CE20F62 /* Pods-Todoey.debug.xcconfig */ = {isa = PBXFileReference; includeInIndex = 1; lastKnownFileType = text.xcconfig; name = "Pods-Todoey.debug.xcconfig"; path = "Target Support Files/Pods-Todoey/Pods-Todoey.debug.xcconfig"; sourceTree = "<group>"; };
/* End PBXFileReference section */

/* Begin PBXFrameworksBuildPhase section */
		22E7117222A9BAB500ECDAA0 /* Frameworks */ = {
			isa = PBXFrameworksBuildPhase;
			buildActionMask = 2147483647;
			files = (
				F75A78C27BAC0AEDD0011801 /* Pods_Todoey.framework in Frameworks */,
			);
			runOnlyForDeploymentPostprocessing = 0;
		};
/* End PBXFrameworksBuildPhase section */

/* Begin PBXGroup section */
		22D99B2C22AB012C0047E6D2 /* Data Model */ = {
			isa = PBXGroup;
			children = (
				22C858F322B1D8B300C21EE3 /* Item.swift */,
				22C858F522B1D8BE00C21EE3 /* Category.swift */,
			);
			path = "Data Model";
			sourceTree = "<group>";
		};
		22D99B2D22AB01440047E6D2 /* Controllers */ = {
			isa = PBXGroup;
			children = (
				222245AC22AF86F200794E60 /* CategoryTableViewController.swift */,
				2261D3EA22B45A57002F392A /* SwipeTableViewController.swift */,
				22E7117A22A9BAB500ECDAA0 /* TodoListViewController.swift */,
			);
			path = Controllers;
			sourceTree = "<group>";
		};
		22D99B2E22AB01500047E6D2 /* Views */ = {
			isa = PBXGroup;
			children = (
				22E7117C22A9BAB500ECDAA0 /* Main.storyboard */,
			);
			path = Views;
			sourceTree = "<group>";
		};
		22D99B2F22AB01A60047E6D2 /* Supporting Files */ = {
			isa = PBXGroup;
			children = (
				22E7117F22A9BAB600ECDAA0 /* Assets.xcassets */,
				22E7118122A9BAB600ECDAA0 /* LaunchScreen.storyboard */,
			);
			path = "Supporting Files";
			sourceTree = "<group>";
		};
		22E7116C22A9BAB500ECDAA0 = {
			isa = PBXGroup;
			children = (
				22E7117722A9BAB500ECDAA0 /* Todoey */,
				22E7117622A9BAB500ECDAA0 /* Products */,
				FF4D985B07C63907FCC24CA8 /* Pods */,
				93BD86379DCE5B4308C63385 /* Frameworks */,
			);
			sourceTree = "<group>";
		};
		22E7117622A9BAB500ECDAA0 /* Products */ = {
			isa = PBXGroup;
			children = (
				22E7117522A9BAB500ECDAA0 /* Todoey.app */,
			);
			name = Products;
			sourceTree = "<group>";
		};
		22E7117722A9BAB500ECDAA0 /* Todoey */ = {
			isa = PBXGroup;
			children = (
				22E7117822A9BAB500ECDAA0 /* AppDelegate.swift */,
				22D99B2D22AB01440047E6D2 /* Controllers */,
				22D99B2C22AB012C0047E6D2 /* Data Model */,
				22D99B2E22AB01500047E6D2 /* Views */,
				22D99B2F22AB01A60047E6D2 /* Supporting Files */,
				22E7118422A9BAB600ECDAA0 /* Info.plist */,
			);
			path = Todoey;
			sourceTree = "<group>";
		};
		93BD86379DCE5B4308C63385 /* Frameworks */ = {
			isa = PBXGroup;
			children = (
				BCBAABBC2E64F622EB10EDBF /* Pods_Todoey.framework */,
			);
			name = Frameworks;
			sourceTree = "<group>";
		};
		FF4D985B07C63907FCC24CA8 /* Pods */ = {
			isa = PBXGroup;
			children = (
				CC7ACA5484F4F4199CE20F62 /* Pods-Todoey.debug.xcconfig */,
				BC76294426C37561D78C7F9F /* Pods-Todoey.release.xcconfig */,
			);
			path = Pods;
			sourceTree = "<group>";
		};
/* End PBXGroup section */

/* Begin PBXNativeTarget section */
		22E7117422A9BAB500ECDAA0 /* Todoey */ = {
			isa = PBXNativeTarget;
			buildConfigurationList = 22E7118722A9BAB600ECDAA0 /* Build configuration list for PBXNativeTarget "Todoey" */;
			buildPhases = (
				D6B989B69E774C61CE81C781 /* [CP] Check Pods Manifest.lock */,
				22E7117122A9BAB500ECDAA0 /* Sources */,
				22E7117222A9BAB500ECDAA0 /* Frameworks */,
				22E7117322A9BAB500ECDAA0 /* Resources */,
				9CCA867AF60E8BEC775967BD /* [CP] Embed Pods Frameworks */,
			);
			buildRules = (
			);
			dependencies = (
			);
			name = Todoey;
			productName = Todoey;
			productReference = 22E7117522A9BAB500ECDAA0 /* Todoey.app */;
			productType = "com.apple.product-type.application";
		};
/* End PBXNativeTarget section */

/* Begin PBXProject section */
		22E7116D22A9BAB500ECDAA0 /* Project object */ = {
			isa = PBXProject;
			attributes = {
				LastSwiftUpdateCheck = 1020;
				LastUpgradeCheck = 1020;
				ORGANIZATIONNAME = "Hector Delgado";
				TargetAttributes = {
					22E7117422A9BAB500ECDAA0 = {
						CreatedOnToolsVersion = 10.2.1;
					};
				};
			};
			buildConfigurationList = 22E7117022A9BAB500ECDAA0 /* Build configuration list for PBXProject "Todoey" */;
			compatibilityVersion = "Xcode 9.3";
			developmentRegion = en;
			hasScannedForEncodings = 0;
			knownRegions = (
				en,
				Base,
			);
			mainGroup = 22E7116C22A9BAB500ECDAA0;
			productRefGroup = 22E7117622A9BAB500ECDAA0 /* Products */;
			projectDirPath = "";
			projectRoot = "";
			targets = (
				22E7117422A9BAB500ECDAA0 /* Todoey */,
			);
		};
/* End PBXProject section */

/* Begin PBXResourcesBuildPhase section */
		22E7117322A9BAB500ECDAA0 /* Resources */ = {
			isa = PBXResourcesBuildPhase;
			buildActionMask = 2147483647;
			files = (
				22E7118322A9BAB600ECDAA0 /* LaunchScreen.storyboard in Resources */,
				22E7118022A9BAB600ECDAA0 /* Assets.xcassets in Resources */,
				22E7117E22A9BAB500ECDAA0 /* Main.storyboard in Resources */,
			);
			runOnlyForDeploymentPostprocessing = 0;
		};
/* End PBXResourcesBuildPhase section */

/* Begin PBXShellScriptBuildPhase section */
		9CCA867AF60E8BEC775967BD /* [CP] Embed Pods Frameworks */ = {
			isa = PBXShellScriptBuildPhase;
			buildActionMask = 2147483647;
			files = (
			);
			inputFileListPaths = (
			);
			inputPaths = (
				"${PODS_ROOT}/Target Support Files/Pods-Todoey/Pods-Todoey-frameworks.sh",
				"${BUILT_PRODUCTS_DIR}/ChameleonFramework/ChameleonFramework.framework",
				"${BUILT_PRODUCTS_DIR}/Realm/Realm.framework",
				"${BUILT_PRODUCTS_DIR}/RealmSwift/RealmSwift.framework",
				"${BUILT_PRODUCTS_DIR}/SwipeCellKit/SwipeCellKit.framework",
			);
			name = "[CP] Embed Pods Frameworks";
			outputFileListPaths = (
			);
			outputPaths = (
				"${TARGET_BUILD_DIR}/${FRAMEWORKS_FOLDER_PATH}/ChameleonFramework.framework",
				"${TARGET_BUILD_DIR}/${FRAMEWORKS_FOLDER_PATH}/Realm.framework",
				"${TARGET_BUILD_DIR}/${FRAMEWORKS_FOLDER_PATH}/RealmSwift.framework",
				"${TARGET_BUILD_DIR}/${FRAMEWORKS_FOLDER_PATH}/SwipeCellKit.framework",
			);
			runOnlyForDeploymentPostprocessing = 0;
			shellPath = /bin/sh;
			shellScript = "\"${PODS_ROOT}/Target Support Files/Pods-Todoey/Pods-Todoey-frameworks.sh\"\n";
			showEnvVarsInLog = 0;
		};
		D6B989B69E774C61CE81C781 /* [CP] Check Pods Manifest.lock */ = {
			isa = PBXShellScriptBuildPhase;
			buildActionMask = 2147483647;
			files = (
			);
			inputFileListPaths = (
			);
			inputPaths = (
				"${PODS_PODFILE_DIR_PATH}/Podfile.lock",
				"${PODS_ROOT}/Manifest.lock",
			);
			name = "[CP] Check Pods Manifest.lock";
			outputFileListPaths = (
			);
			outputPaths = (
				"$(DERIVED_FILE_DIR)/Pods-Todoey-checkManifestLockResult.txt",
			);
			runOnlyForDeploymentPostprocessing = 0;
			shellPath = /bin/sh;
			shellScript = "diff \"${PODS_PODFILE_DIR_PATH}/Podfile.lock\" \"${PODS_ROOT}/Manifest.lock\" > /dev/null\nif [ $? != 0 ] ; then\n    # print error to STDERR\n    echo \"error: The sandbox is not in sync with the Podfile.lock. Run 'pod install' or update your CocoaPods installation.\" >&2\n    exit 1\nfi\n# This output is used by Xcode 'outputs' to avoid re-running this script phase.\necho \"SUCCESS\" > \"${SCRIPT_OUTPUT_FILE_0}\"\n";
			showEnvVarsInLog = 0;
		};
/* End PBXShellScriptBuildPhase section */

/* Begin PBXSourcesBuildPhase section */
		22E7117122A9BAB500ECDAA0 /* Sources */ = {
			isa = PBXSourcesBuildPhase;
			buildActionMask = 2147483647;
			files = (
				22C858F422B1D8B300C21EE3 /* Item.swift in Sources */,
				22E7117B22A9BAB500ECDAA0 /* TodoListViewController.swift in Sources */,
				22E7117922A9BAB500ECDAA0 /* AppDelegate.swift in Sources */,
				222245AD22AF86F200794E60 /* CategoryTableViewController.swift in Sources */,
				2261D3EB22B45A57002F392A /* SwipeTableViewController.swift in Sources */,
				22C858F622B1D8BE00C21EE3 /* Category.swift in Sources */,
			);
			runOnlyForDeploymentPostprocessing = 0;
		};
/* End PBXSourcesBuildPhase section */

/* Begin PBXVariantGroup section */
		22E7117C22A9BAB500ECDAA0 /* Main.storyboard */ = {
			isa = PBXVariantGroup;
			children = (
				22E7117D22A9BAB500ECDAA0 /* Base */,
			);
			name = Main.storyboard;
			sourceTree = "<group>";
		};
		22E7118122A9BAB600ECDAA0 /* LaunchScreen.storyboard */ = {
			isa = PBXVariantGroup;
			children = (
				22E7118222A9BAB600ECDAA0 /* Base */,
			);
			name = LaunchScreen.storyboard;
			sourceTree = "<group>";
		};
/* End PBXVariantGroup section */

/* Begin XCBuildConfiguration section */
		22E7118522A9BAB600ECDAA0 /* Debug */ = {
			isa = XCBuildConfiguration;
			buildSettings = {
				ALWAYS_SEARCH_USER_PATHS = NO;
				CLANG_ANALYZER_NONNULL = YES;
				CLANG_ANALYZER_NUMBER_OBJECT_CONVERSION = YES_AGGRESSIVE;
				CLANG_CXX_LANGUAGE_STANDARD = "gnu++14";
				CLANG_CXX_LIBRARY = "libc++";
				CLANG_ENABLE_MODULES = YES;
				CLANG_ENABLE_OBJC_ARC = YES;
				CLANG_ENABLE_OBJC_WEAK = YES;
				CLANG_WARN_BLOCK_CAPTURE_AUTORELEASING = YES;
				CLANG_WARN_BOOL_CONVERSION = YES;
				CLANG_WARN_COMMA = YES;
				CLANG_WARN_CONSTANT_CONVERSION = YES;
				CLANG_WARN_DEPRECATED_OBJC_IMPLEMENTATIONS = YES;
				CLANG_WARN_DIRECT_OBJC_ISA_USAGE = YES_ERROR;
				CLANG_WARN_DOCUMENTATION_COMMENTS = YES;
				CLANG_WARN_EMPTY_BODY = YES;
				CLANG_WARN_ENUM_CONVERSION = YES;
				CLANG_WARN_INFINITE_RECURSION = YES;
				CLANG_WARN_INT_CONVERSION = YES;
				CLANG_WARN_NON_LITERAL_NULL_CONVERSION = YES;
				CLANG_WARN_OBJC_IMPLICIT_RETAIN_SELF = YES;
				CLANG_WARN_OBJC_LITERAL_CONVERSION = YES;
				CLANG_WARN_OBJC_ROOT_CLASS = YES_ERROR;
				CLANG_WARN_RANGE_LOOP_ANALYSIS = YES;
				CLANG_WARN_STRICT_PROTOTYPES = YES;
				CLANG_WARN_SUSPICIOUS_MOVE = YES;
				CLANG_WARN_UNGUARDED_AVAILABILITY = YES_AGGRESSIVE;
				CLANG_WARN_UNREACHABLE_CODE = YES;
				CLANG_WARN__DUPLICATE_METHOD_MATCH = YES;
				CODE_SIGN_IDENTITY = "iPhone Developer";
				COPY_PHASE_STRIP = NO;
				DEBUG_INFORMATION_FORMAT = dwarf;
				ENABLE_STRICT_OBJC_MSGSEND = YES;
				ENABLE_TESTABILITY = YES;
				GCC_C_LANGUAGE_STANDARD = gnu11;
				GCC_DYNAMIC_NO_PIC = NO;
				GCC_NO_COMMON_BLOCKS = YES;
				GCC_OPTIMIZATION_LEVEL = 0;
				GCC_PREPROCESSOR_DEFINITIONS = (
					"DEBUG=1",
					"$(inherited)",
				);
				GCC_WARN_64_TO_32_BIT_CONVERSION = YES;
				GCC_WARN_ABOUT_RETURN_TYPE = YES_ERROR;
				GCC_WARN_UNDECLARED_SELECTOR = YES;
				GCC_WARN_UNINITIALIZED_AUTOS = YES_AGGRESSIVE;
				GCC_WARN_UNUSED_FUNCTION = YES;
				GCC_WARN_UNUSED_VARIABLE = YES;
				IPHONEOS_DEPLOYMENT_TARGET = 12.2;
				MTL_ENABLE_DEBUG_INFO = INCLUDE_SOURCE;
				MTL_FAST_MATH = YES;
				ONLY_ACTIVE_ARCH = YES;
				SDKROOT = iphoneos;
				SWIFT_ACTIVE_COMPILATION_CONDITIONS = DEBUG;
				SWIFT_OPTIMIZATION_LEVEL = "-Onone";
			};
			name = Debug;
		};
		22E7118622A9BAB600ECDAA0 /* Release */ = {
			isa = XCBuildConfiguration;
			buildSettings = {
				ALWAYS_SEARCH_USER_PATHS = NO;
				CLANG_ANALYZER_NONNULL = YES;
				CLANG_ANALYZER_NUMBER_OBJECT_CONVERSION = YES_AGGRESSIVE;
				CLANG_CXX_LANGUAGE_STANDARD = "gnu++14";
				CLANG_CXX_LIBRARY = "libc++";
				CLANG_ENABLE_MODULES = YES;
				CLANG_ENABLE_OBJC_ARC = YES;
				CLANG_ENABLE_OBJC_WEAK = YES;
				CLANG_WARN_BLOCK_CAPTURE_AUTORELEASING = YES;
				CLANG_WARN_BOOL_CONVERSION = YES;
				CLANG_WARN_COMMA = YES;
				CLANG_WARN_CONSTANT_CONVERSION = YES;
				CLANG_WARN_DEPRECATED_OBJC_IMPLEMENTATIONS = YES;
				CLANG_WARN_DIRECT_OBJC_ISA_USAGE = YES_ERROR;
				CLANG_WARN_DOCUMENTATION_COMMENTS = YES;
				CLANG_WARN_EMPTY_BODY = YES;
				CLANG_WARN_ENUM_CONVERSION = YES;
				CLANG_WARN_INFINITE_RECURSION = YES;
				CLANG_WARN_INT_CONVERSION = YES;
				CLANG_WARN_NON_LITERAL_NULL_CONVERSION = YES;
				CLANG_WARN_OBJC_IMPLICIT_RETAIN_SELF = YES;
				CLANG_WARN_OBJC_LITERAL_CONVERSION = YES;
				CLANG_WARN_OBJC_ROOT_CLASS = YES_ERROR;
				CLANG_WARN_RANGE_LOOP_ANALYSIS = YES;
				CLANG_WARN_STRICT_PROTOTYPES = YES;
				CLANG_WARN_SUSPICIOUS_MOVE = YES;
				CLANG_WARN_UNGUARDED_AVAILABILITY = YES_AGGRESSIVE;
				CLANG_WARN_UNREACHABLE_CODE = YES;
				CLANG_WARN__DUPLICATE_METHOD_MATCH = YES;
				CODE_SIGN_IDENTITY = "iPhone Developer";
				COPY_PHASE_STRIP = NO;
				DEBUG_INFORMATION_FORMAT = "dwarf-with-dsym";
				ENABLE_NS_ASSERTIONS = NO;
				ENABLE_STRICT_OBJC_MSGSEND = YES;
				GCC_C_LANGUAGE_STANDARD = gnu11;
				GCC_NO_COMMON_BLOCKS = YES;
				GCC_WARN_64_TO_32_BIT_CONVERSION = YES;
				GCC_WARN_ABOUT_RETURN_TYPE = YES_ERROR;
				GCC_WARN_UNDECLARED_SELECTOR = YES;
				GCC_WARN_UNINITIALIZED_AUTOS = YES_AGGRESSIVE;
				GCC_WARN_UNUSED_FUNCTION = YES;
				GCC_WARN_UNUSED_VARIABLE = YES;
				IPHONEOS_DEPLOYMENT_TARGET = 12.2;
				MTL_ENABLE_DEBUG_INFO = NO;
				MTL_FAST_MATH = YES;
				SDKROOT = iphoneos;
				SWIFT_COMPILATION_MODE = wholemodule;
				SWIFT_OPTIMIZATION_LEVEL = "-O";
				VALIDATE_PRODUCT = YES;
			};
			name = Release;
		};
		22E7118822A9BAB600ECDAA0 /* Debug */ = {
			isa = XCBuildConfiguration;
			baseConfigurationReference = CC7ACA5484F4F4199CE20F62 /* Pods-Todoey.debug.xcconfig */;
			buildSettings = {
				ASSETCATALOG_COMPILER_APPICON_NAME = AppIcon;
				CODE_SIGN_STYLE = Automatic;
				DEVELOPMENT_TEAM = 26666G9V78;
				INFOPLIST_FILE = Todoey/Info.plist;
				LD_RUNPATH_SEARCH_PATHS = (
					"$(inherited)",
					"@executable_path/Frameworks",
				);
				PRODUCT_BUNDLE_IDENTIFIER = com.hectordelgado.Todoey;
				PRODUCT_NAME = "$(TARGET_NAME)";
				SWIFT_VERSION = 5.0;
				TARGETED_DEVICE_FAMILY = "1,2";
			};
			name = Debug;
		};
		22E7118922A9BAB600ECDAA0 /* Release */ = {
			isa = XCBuildConfiguration;
			baseConfigurationReference = BC76294426C37561D78C7F9F /* Pods-Todoey.release.xcconfig */;
			buildSettings = {
				ASSETCATALOG_COMPILER_APPICON_NAME = AppIcon;
				CODE_SIGN_STYLE = Automatic;
				DEVELOPMENT_TEAM = 26666G9V78;
				INFOPLIST_FILE = Todoey/Info.plist;
				LD_RUNPATH_SEARCH_PATHS = (
					"$(inherited)",
					"@executable_path/Frameworks",
				);
				PRODUCT_BUNDLE_IDENTIFIER = com.hectordelgado.Todoey;
				PRODUCT_NAME = "$(TARGET_NAME)";
				SWIFT_VERSION = 5.0;
				TARGETED_DEVICE_FAMILY = "1,2";
			};
			name = Release;
		};
/* End XCBuildConfiguration section */

/* Begin XCConfigurationList section */
		22E7117022A9BAB500ECDAA0 /* Build configuration list for PBXProject "Todoey" */ = {
			isa = XCConfigurationList;
			buildConfigurations = (
				22E7118522A9BAB600ECDAA0 /* Debug */,
				22E7118622A9BAB600ECDAA0 /* Release */,
			);
			defaultConfigurationIsVisible = 0;
			defaultConfigurationName = Release;
		};
		22E7118722A9BAB600ECDAA0 /* Build configuration list for PBXNativeTarget "Todoey" */ = {
			isa = XCConfigurationList;
			buildConfigurations = (
				22E7118822A9BAB600ECDAA0 /* Debug */,
				22E7118922A9BAB600ECDAA0 /* Release */,
			);
			defaultConfigurationIsVisible = 0;
			defaultConfigurationName = Release;
		};
/* End XCConfigurationList section */
	};
	rootObject = 22E7116D22A9BAB500ECDAA0 /* Project object */;
}
